
Microsoft Visual Studio Solution File, Format Version 12.00
# Visual Studio Version 17
VisualStudioVersion = 17.11.35312.102
MinimumVisualStudioVersion = 10.0.40219.1
Project("{FAE04EC0-301F-11D3-BF4B-00C04F79EFBC}") = "PMSAT", "PMSAT.csproj", "{3F03F5D1-DFBD-4DBA-8132-91B95EEA1EB6}"
EndProject
Global
	GlobalSection(SolutionConfigurationPlatforms) = preSolution
		Debug|Any CPU = Debug|Any CPU
		Release|Any CPU = Release|Any CPU
	EndGlobalSection
	GlobalSection(ProjectConfigurationPlatforms) = postSolution
		{3F03F5D1-DFBD-4DBA-8132-91B95EEA1EB6}.Debug|Any CPU.ActiveCfg = Debug|Any CPU
		{3F03F5D1-DFBD-4DBA-8132-91B95EEA1EB6}.Debug|Any CPU.Build.0 = Debug|Any CPU
		{3F03F5D1-DFBD-4DBA-8132-91B95EEA1EB6}.Release|Any CPU.ActiveCfg = Release|Any CPU
		{3F03F5D1-DFBD-4DBA-8132-91B95EEA1EB6}.Release|Any CPU.Build.0 = Release|Any CPU
	EndGlobalSection
	GlobalSection(SolutionProperties) = preSolution
		HideSolutionNode = FALSE
	EndGlobalSection
	GlobalSection(ExtensibilityGlobals) = postSolution
		SolutionGuid = {68EA693C-B242-4682-A0EA-1052E8D1CB31}
	EndGlobalSection
EndGlobal
